
Microsoft Visual Studio Solution File, Format Version 12.00
# Visual Studio Version 16
VisualStudioVersion = 16.0.31112.23
MinimumVisualStudioVersion = 10.0.40219.1
Project("{9A19103F-16F7-4668-BE54-9A1E7A4F7556}") = "WebApiLogView", "WebApiLogView\WebApiLogView.csproj", "{F9DDA1FA-780E-4551-848F-920DEDEC8971}"
EndProject
Project("{9A19103F-16F7-4668-BE54-9A1E7A4F7556}") = "WebApiLogCoreEx", "WebApiLogCoreEx\WebApiLogCoreEx.csproj", "{BEA0074E-3443-4420-8CFE-5B1B213CD2F1}"
EndProject
Project("{FAE04EC0-301F-11D3-BF4B-00C04F79EFBC}") = "WebApiLogViewGUI", "WebApiLogViewGUI\WebApiLogViewGUI.csproj", "{FCC5AD8B-363C-49E2-9868-6FF59F76D94E}"
EndProject
Global
	GlobalSection(SolutionConfigurationPlatforms) = preSolution
		Debug|Any CPU = Debug|Any CPU
		Release|Any CPU = Release|Any CPU
	EndGlobalSection
	GlobalSection(ProjectConfigurationPlatforms) = postSolution
		{F9DDA1FA-780E-4551-848F-920DEDEC8971}.Debug|Any CPU.ActiveCfg = Debug|Any CPU
		{F9DDA1FA-780E-4551-848F-920DEDEC8971}.Debug|Any CPU.Build.0 = Debug|Any CPU
		{F9DDA1FA-780E-4551-848F-920DEDEC8971}.Release|Any CPU.ActiveCfg = Release|Any CPU
		{F9DDA1FA-780E-4551-848F-920DEDEC8971}.Release|Any CPU.Build.0 = Release|Any CPU
		{BEA0074E-3443-4420-8CFE-5B1B213CD2F1}.Debug|Any CPU.ActiveCfg = Debug|Any CPU
		{BEA0074E-3443-4420-8CFE-5B1B213CD2F1}.Debug|Any CPU.Build.0 = Debug|Any CPU
		{BEA0074E-3443-4420-8CFE-5B1B213CD2F1}.Release|Any CPU.ActiveCfg = Release|Any CPU
		{BEA0074E-3443-4420-8CFE-5B1B213CD2F1}.Release|Any CPU.Build.0 = Release|Any CPU
		{FCC5AD8B-363C-49E2-9868-6FF59F76D94E}.Debug|Any CPU.ActiveCfg = Debug|Any CPU
		{FCC5AD8B-363C-49E2-9868-6FF59F76D94E}.Debug|Any CPU.Build.0 = Debug|Any CPU
		{FCC5AD8B-363C-49E2-9868-6FF59F76D94E}.Release|Any CPU.ActiveCfg = Release|Any CPU
		{FCC5AD8B-363C-49E2-9868-6FF59F76D94E}.Release|Any CPU.Build.0 = Release|Any CPU
	EndGlobalSection
	GlobalSection(SolutionProperties) = preSolution
		HideSolutionNode = FALSE
	EndGlobalSection
	GlobalSection(ExtensibilityGlobals) = postSolution
		SolutionGuid = {3AED4B5B-F3C3-4108-8AE3-613F60030D7C}
	EndGlobalSection
EndGlobal
